
Microsoft Visual Studio Solution File, Format Version 12.00
# Visual Studio 2013
VisualStudioVersion = 12.0.40629.0
MinimumVisualStudioVersion = 10.0.40219.1
Project("{FAE04EC0-301F-11D3-BF4B-00C04F79EFBC}") = "Structure", "stratUp\Structure.csproj", "{466327BD-02C7-4BBD-816B-04E3BA88D1EB}"
EndProject
Project("{FAE04EC0-301F-11D3-BF4B-00C04F79EFBC}") = "GenericClass", "GenericClass\GenericClass.csproj", "{2512FC55-5CEB-40B9-95D9-BABB96AF680B}"
EndProject
Project("{FAE04EC0-301F-11D3-BF4B-00C04F79EFBC}") = "Matrixes", "Matrixes\Matrixes.csproj", "{C4447824-0024-4EF9-867F-BCBDC90DACD4}"
EndProject
Global
	GlobalSection(SolutionConfigurationPlatforms) = preSolution
		Debug|Any CPU = Debug|Any CPU
		Release|Any CPU = Release|Any CPU
	EndGlobalSection
	GlobalSection(ProjectConfigurationPlatforms) = postSolution
		{466327BD-02C7-4BBD-816B-04E3BA88D1EB}.Debug|Any CPU.ActiveCfg = Debug|Any CPU
		{466327BD-02C7-4BBD-816B-04E3BA88D1EB}.Debug|Any CPU.Build.0 = Debug|Any CPU
		{466327BD-02C7-4BBD-816B-04E3BA88D1EB}.Release|Any CPU.ActiveCfg = Release|Any CPU
		{466327BD-02C7-4BBD-816B-04E3BA88D1EB}.Release|Any CPU.Build.0 = Release|Any CPU
		{2512FC55-5CEB-40B9-95D9-BABB96AF680B}.Debug|Any CPU.ActiveCfg = Debug|Any CPU
		{2512FC55-5CEB-40B9-95D9-BABB96AF680B}.Debug|Any CPU.Build.0 = Debug|Any CPU
		{2512FC55-5CEB-40B9-95D9-BABB96AF680B}.Release|Any CPU.ActiveCfg = Release|Any CPU
		{2512FC55-5CEB-40B9-95D9-BABB96AF680B}.Release|Any CPU.Build.0 = Release|Any CPU
		{C4447824-0024-4EF9-867F-BCBDC90DACD4}.Debug|Any CPU.ActiveCfg = Debug|Any CPU
		{C4447824-0024-4EF9-867F-BCBDC90DACD4}.Debug|Any CPU.Build.0 = Debug|Any CPU
		{C4447824-0024-4EF9-867F-BCBDC90DACD4}.Release|Any CPU.ActiveCfg = Release|Any CPU
		{C4447824-0024-4EF9-867F-BCBDC90DACD4}.Release|Any CPU.Build.0 = Release|Any CPU
	EndGlobalSection
	GlobalSection(SolutionProperties) = preSolution
		HideSolutionNode = FALSE
	EndGlobalSection
EndGlobal
